Microsoft Visual Studio Solution File, Format Version 12.00
# Visual Studio Version 17
VisualStudioVersion = 17.8.0.0
MinimumVisualStudioVersion = 17.8.0.0
Project("{9A19103F-16F7-4668-BE54-9A1E7A4F7556}") = "AspireEventSample.AppHost", "AspireEventSample.AppHost\AspireEventSample.AppHost.csproj", "{18F72E96-98CE-4650-A3CB-F3FC77CA2136}"
EndProject
Project("{9A19103F-16F7-4668-BE54-9A1E7A4F7556}") = "AspireEventSample.ServiceDefaults", "AspireEventSample.ServiceDefaults\AspireEventSample.ServiceDefaults.csproj", "{64D0BF63-11B2-4090-B49D-D7F2E6C7F78A}"
EndProject
Project("{9A19103F-16F7-4668-BE54-9A1E7A4F7556}") = "AspireEventSample.ApiService", "AspireEventSample.ApiService\AspireEventSample.ApiService.csproj", "{AC58837B-0E2A-460F-B3B3-D3A9A4AC6008}"
EndProject
Project("{9A19103F-16F7-4668-BE54-9A1E7A4F7556}") = "AspireEventSample.Web", "AspireEventSample.Web\AspireEventSample.Web.csproj", "{75B69DFB-9BDA-4174-9243-6BEFD84FD699}"
EndProject
Project("{FAE04EC0-301F-11D3-BF4B-00C04F79EFBC}") = "Sekiban.Pure", "Sekiban.Pure\Sekiban.Pure.csproj", "{46DE4229-C79B-4A11-BA8F-42E2777ED9E0}"
EndProject
Project("{FAE04EC0-301F-11D3-BF4B-00C04F79EFBC}") = "Sekiban.Pure.Orleans", "Sekiban.Pure.Orleans\Sekiban.Pure.Orleans.csproj", "{CD794286-93A1-47E7-A23C-9E9691059A74}"
EndProject
Project("{FAE04EC0-301F-11D3-BF4B-00C04F79EFBC}") = "Sekiban.Pure.SourceGenerator", "Sekiban.Pure.SourceGenerator\Sekiban.Pure.SourceGenerator.csproj", "{F8554D19-89FD-43CD-8481-902AE94E219F}"
EndProject
Project("{FAE04EC0-301F-11D3-BF4B-00C04F79EFBC}") = "Sekiban.Pure.CosmosDb", "Sekiban.Pure.CosmosDb\Sekiban.Pure.CosmosDb.csproj", "{9FA25DE8-DDB4-4789-A056-091B78E17496}"
EndProject
Project("{FAE04EC0-301F-11D3-BF4B-00C04F79EFBC}") = "AspireEventSample.UnitTest", "AspireEventSample.UnitTest\AspireEventSample.UnitTest.csproj", "{F48D9C78-5CEF-4F1D-9E3D-5965A9374650}"
EndProject
Project("{FAE04EC0-301F-11D3-BF4B-00C04F79EFBC}") = "Sekiban.Pure.Postgres.MigrationHost", "Sekiban.Pure.Postgres.MigrationHost\Sekiban.Pure.Postgres.MigrationHost.csproj", "{BBF8A62F-41C0-4CA0-9471-029AC4977483}"
EndProject
Project("{FAE04EC0-301F-11D3-BF4B-00C04F79EFBC}") = "Sekiban.Pure.Postgres", "Sekiban.Pure.Postgres\Sekiban.Pure.Postgres.csproj", "{3D9032EE-8F0C-4E06-8622-6FD498F21A1C}"
EndProject
Project("{FAE04EC0-301F-11D3-BF4B-00C04F79EFBC}") = "Sekiban.Pure.AspNetCore", "Sekiban.Pure.AspNetCore\Sekiban.Pure.AspNetCore.csproj", "{FDD6FC95-6BDB-4D40-BFFD-8251B14FFB80}"
EndProject
Project("{FAE04EC0-301F-11D3-BF4B-00C04F79EFBC}") = "Sekiban.Pure.xUnit", "Sekiban.Pure.xUnit\Sekiban.Pure.xUnit.csproj", "{454BA9B1-557D-4FD1-80F5-035E976C4B3A}"
EndProject
Project("{FAE04EC0-301F-11D3-BF4B-00C04F79EFBC}") = "Sekiban.Pure.NUnit", "Sekiban.Pure.NUnit\Sekiban.Pure.NUnit.csproj", "{C8F11FAA-FCAF-42F9-8EEF-5C8120097FC6}"
EndProject
Project("{FAE04EC0-301F-11D3-BF4B-00C04F79EFBC}") = "AspireEventSample.NUnitTest", "AspireEventSample.NUnitTest\AspireEventSample.NUnitTest.csproj", "{3B134D75-1000-4F0B-B293-5D06D2B32A73}"
EndProject
Project("{FAE04EC0-301F-11D3-BF4B-00C04F79EFBC}") = "Sekiban.Pure.Orleans.NUnit", "Sekiban.Pure.Orleans.NUnit\Sekiban.Pure.Orleans.NUnit.csproj", "{8A6346B7-5146-4202-8DAA-2F114386B93F}"
EndProject
Project("{FAE04EC0-301F-11D3-BF4B-00C04F79EFBC}") = "Sekiban.Pure.Orleans.xUnit", "Sekiban.Pure.Orleans.xUnit\Sekiban.Pure.Orleans.xUnit.csproj", "{C306D5BE-64DC-47B3-84D3-D0F800C60892}"
EndProject
Global
	GlobalSection(SolutionConfigurationPlatforms) = preSolution
		Debug|Any CPU = Debug|Any CPU
		Release|Any CPU = Release|Any CPU
	EndGlobalSection
	GlobalSection(ProjectConfigurationPlatforms) = postSolution
		{18F72E96-98CE-4650-A3CB-F3FC77CA2136}.Debug|Any CPU.ActiveCfg = Debug|Any CPU
		{18F72E96-98CE-4650-A3CB-F3FC77CA2136}.Debug|Any CPU.Build.0 = Debug|Any CPU
		{18F72E96-98CE-4650-A3CB-F3FC77CA2136}.Release|Any CPU.ActiveCfg = Release|Any CPU
		{18F72E96-98CE-4650-A3CB-F3FC77CA2136}.Release|Any CPU.Build.0 = Release|Any CPU
		{64D0BF63-11B2-4090-B49D-D7F2E6C7F78A}.Debug|Any CPU.ActiveCfg = Debug|Any CPU
		{64D0BF63-11B2-4090-B49D-D7F2E6C7F78A}.Debug|Any CPU.Build.0 = Debug|Any CPU
		{64D0BF63-11B2-4090-B49D-D7F2E6C7F78A}.Release|Any CPU.ActiveCfg = Release|Any CPU
		{64D0BF63-11B2-4090-B49D-D7F2E6C7F78A}.Release|Any CPU.Build.0 = Release|Any CPU
		{AC58837B-0E2A-460F-B3B3-D3A9A4AC6008}.Debug|Any CPU.ActiveCfg = Debug|Any CPU
		{AC58837B-0E2A-460F-B3B3-D3A9A4AC6008}.Debug|Any CPU.Build.0 = Debug|Any CPU
		{AC58837B-0E2A-460F-B3B3-D3A9A4AC6008}.Release|Any CPU.ActiveCfg = Release|Any CPU
		{AC58837B-0E2A-460F-B3B3-D3A9A4AC6008}.Release|Any CPU.Build.0 = Release|Any CPU
		{75B69DFB-9BDA-4174-9243-6BEFD84FD699}.Debug|Any CPU.ActiveCfg = Debug|Any CPU
		{75B69DFB-9BDA-4174-9243-6BEFD84FD699}.Debug|Any CPU.Build.0 = Debug|Any CPU
		{75B69DFB-9BDA-4174-9243-6BEFD84FD699}.Release|Any CPU.ActiveCfg = Release|Any CPU
		{75B69DFB-9BDA-4174-9243-6BEFD84FD699}.Release|Any CPU.Build.0 = Release|Any CPU
		{46DE4229-C79B-4A11-BA8F-42E2777ED9E0}.Debug|Any CPU.ActiveCfg = Debug|Any CPU
		{46DE4229-C79B-4A11-BA8F-42E2777ED9E0}.Debug|Any CPU.Build.0 = Debug|Any CPU
		{46DE4229-C79B-4A11-BA8F-42E2777ED9E0}.Release|Any CPU.ActiveCfg = Release|Any CPU
		{46DE4229-C79B-4A11-BA8F-42E2777ED9E0}.Release|Any CPU.Build.0 = Release|Any CPU
		{CD794286-93A1-47E7-A23C-9E9691059A74}.Debug|Any CPU.ActiveCfg = Debug|Any CPU
		{CD794286-93A1-47E7-A23C-9E9691059A74}.Debug|Any CPU.Build.0 = Debug|Any CPU
		{CD794286-93A1-47E7-A23C-9E9691059A74}.Release|Any CPU.ActiveCfg = Release|Any CPU
		{CD794286-93A1-47E7-A23C-9E9691059A74}.Release|Any CPU.Build.0 = Release|Any CPU
		{F8554D19-89FD-43CD-8481-902AE94E219F}.Debug|Any CPU.ActiveCfg = Debug|Any CPU
		{F8554D19-89FD-43CD-8481-902AE94E219F}.Debug|Any CPU.Build.0 = Debug|Any CPU
		{F8554D19-89FD-43CD-8481-902AE94E219F}.Release|Any CPU.ActiveCfg = Release|Any CPU
		{F8554D19-89FD-43CD-8481-902AE94E219F}.Release|Any CPU.Build.0 = Release|Any CPU
		{9FA25DE8-DDB4-4789-A056-091B78E17496}.Debug|Any CPU.ActiveCfg = Debug|Any CPU
		{9FA25DE8-DDB4-4789-A056-091B78E17496}.Debug|Any CPU.Build.0 = Debug|Any CPU
		{9FA25DE8-DDB4-4789-A056-091B78E17496}.Release|Any CPU.ActiveCfg = Release|Any CPU
		{9FA25DE8-DDB4-4789-A056-091B78E17496}.Release|Any CPU.Build.0 = Release|Any CPU
		{F48D9C78-5CEF-4F1D-9E3D-5965A9374650}.Debug|Any CPU.ActiveCfg = Debug|Any CPU
		{F48D9C78-5CEF-4F1D-9E3D-5965A9374650}.Debug|Any CPU.Build.0 = Debug|Any CPU
		{F48D9C78-5CEF-4F1D-9E3D-5965A9374650}.Release|Any CPU.ActiveCfg = Release|Any CPU
		{F48D9C78-5CEF-4F1D-9E3D-5965A9374650}.Release|Any CPU.Build.0 = Release|Any CPU
		{BBF8A62F-41C0-4CA0-9471-029AC4977483}.Debug|Any CPU.ActiveCfg = Debug|Any CPU
		{BBF8A62F-41C0-4CA0-9471-029AC4977483}.Debug|Any CPU.Build.0 = Debug|Any CPU
		{BBF8A62F-41C0-4CA0-9471-029AC4977483}.Release|Any CPU.ActiveCfg = Release|Any CPU
		{BBF8A62F-41C0-4CA0-9471-029AC4977483}.Release|Any CPU.Build.0 = Release|Any CPU
		{3D9032EE-8F0C-4E06-8622-6FD498F21A1C}.Debug|Any CPU.ActiveCfg = Debug|Any CPU
		{3D9032EE-8F0C-4E06-8622-6FD498F21A1C}.Debug|Any CPU.Build.0 = Debug|Any CPU
		{3D9032EE-8F0C-4E06-8622-6FD498F21A1C}.Release|Any CPU.ActiveCfg = Release|Any CPU
		{3D9032EE-8F0C-4E06-8622-6FD498F21A1C}.Release|Any CPU.Build.0 = Release|Any CPU
		{FDD6FC95-6BDB-4D40-BFFD-8251B14FFB80}.Debug|Any CPU.ActiveCfg = Debug|Any CPU
		{FDD6FC95-6BDB-4D40-BFFD-8251B14FFB80}.Debug|Any CPU.Build.0 = Debug|Any CPU
		{FDD6FC95-6BDB-4D40-BFFD-8251B14FFB80}.Release|Any CPU.ActiveCfg = Release|Any CPU
		{FDD6FC95-6BDB-4D40-BFFD-8251B14FFB80}.Release|Any CPU.Build.0 = Release|Any CPU
		{454BA9B1-557D-4FD1-80F5-035E976C4B3A}.Debug|Any CPU.ActiveCfg = Debug|Any CPU
		{454BA9B1-557D-4FD1-80F5-035E976C4B3A}.Debug|Any CPU.Build.0 = Debug|Any CPU
		{454BA9B1-557D-4FD1-80F5-035E976C4B3A}.Release|Any CPU.ActiveCfg = Release|Any CPU
		{454BA9B1-557D-4FD1-80F5-035E976C4B3A}.Release|Any CPU.Build.0 = Release|Any CPU
		{C8F11FAA-FCAF-42F9-8EEF-5C8120097FC6}.Debug|Any CPU.ActiveCfg = Debug|Any CPU
		{C8F11FAA-FCAF-42F9-8EEF-5C8120097FC6}.Debug|Any CPU.Build.0 = Debug|Any CPU
		{C8F11FAA-FCAF-42F9-8EEF-5C8120097FC6}.Release|Any CPU.ActiveCfg = Release|Any CPU
		{C8F11FAA-FCAF-42F9-8EEF-5C8120097FC6}.Release|Any CPU.Build.0 = Release|Any CPU
		{3B134D75-1000-4F0B-B293-5D06D2B32A73}.Debug|Any CPU.ActiveCfg = Debug|Any CPU
		{3B134D75-1000-4F0B-B293-5D06D2B32A73}.Debug|Any CPU.Build.0 = Debug|Any CPU
		{3B134D75-1000-4F0B-B293-5D06D2B32A73}.Release|Any CPU.ActiveCfg = Release|Any CPU
		{3B134D75-1000-4F0B-B293-5D06D2B32A73}.Release|Any CPU.Build.0 = Release|Any CPU
		{8A6346B7-5146-4202-8DAA-2F114386B93F}.Debug|Any CPU.ActiveCfg = Debug|Any CPU
		{8A6346B7-5146-4202-8DAA-2F114386B93F}.Debug|Any CPU.Build.0 = Debug|Any CPU
		{8A6346B7-5146-4202-8DAA-2F114386B93F}.Release|Any CPU.ActiveCfg = Release|Any CPU
		{8A6346B7-5146-4202-8DAA-2F114386B93F}.Release|Any CPU.Build.0 = Release|Any CPU
		{C306D5BE-64DC-47B3-84D3-D0F800C60892}.Debug|Any CPU.ActiveCfg = Debug|Any CPU
		{C306D5BE-64DC-47B3-84D3-D0F800C60892}.Debug|Any CPU.Build.0 = Debug|Any CPU
		{C306D5BE-64DC-47B3-84D3-D0F800C60892}.Release|Any CPU.ActiveCfg = Release|Any CPU
		{C306D5BE-64DC-47B3-84D3-D0F800C60892}.Release|Any CPU.Build.0 = Release|Any CPU
	EndGlobalSection
	GlobalSection(SolutionProperties) = preSolution
		HideSolutionNode = FALSE
	EndGlobalSection
	GlobalSection(ExtensibilityGlobals) = postSolution
		SolutionGuid = {874C0C7C-A1DD-4552-AE14-EFED90F56339}
	EndGlobalSection
EndGlobal
