Microsoft Visual Studio Solution File, Format Version 12.00
# Visual Studio Version 17
VisualStudioVersion = 17.8.0.0
MinimumVisualStudioVersion = 17.8.0.0
Project("{9A19103F-16F7-4668-BE54-9A1E7A4F7556}") = "AspireEventSample.AppHost", "AspireEventSample.AppHost\AspireEventSample.AppHost.csproj", "{FD1AB9EB-66C4-49AD-923D-174A8FC88F5A}"
EndProject
Project("{9A19103F-16F7-4668-BE54-9A1E7A4F7556}") = "AspireEventSample.ServiceDefaults", "AspireEventSample.ServiceDefaults\AspireEventSample.ServiceDefaults.csproj", "{49CFEC4D-7781-459D-A5F8-FE7097F159AC}"
EndProject
Project("{9A19103F-16F7-4668-BE54-9A1E7A4F7556}") = "AspireEventSample.ApiService", "AspireEventSample.ApiService\AspireEventSample.ApiService.csproj", "{09F0A2CD-4A6D-4CA0-8413-AE16A393A367}"
EndProject
Project("{9A19103F-16F7-4668-BE54-9A1E7A4F7556}") = "AspireEventSample.Web", "AspireEventSample.Web\AspireEventSample.Web.csproj", "{D33B9DF0-A984-44A3-8CFC-B29B67CF080A}"
EndProject
Global
	GlobalSection(SolutionConfigurationPlatforms) = preSolution
		Debug|Any CPU = Debug|Any CPU
		Release|Any CPU = Release|Any CPU
	EndGlobalSection
	GlobalSection(ProjectConfigurationPlatforms) = postSolution
		{FD1AB9EB-66C4-49AD-923D-174A8FC88F5A}.Debug|Any CPU.ActiveCfg = Debug|Any CPU
		{FD1AB9EB-66C4-49AD-923D-174A8FC88F5A}.Debug|Any CPU.Build.0 = Debug|Any CPU
		{FD1AB9EB-66C4-49AD-923D-174A8FC88F5A}.Release|Any CPU.ActiveCfg = Release|Any CPU
		{FD1AB9EB-66C4-49AD-923D-174A8FC88F5A}.Release|Any CPU.Build.0 = Release|Any CPU
		{49CFEC4D-7781-459D-A5F8-FE7097F159AC}.Debug|Any CPU.ActiveCfg = Debug|Any CPU
		{49CFEC4D-7781-459D-A5F8-FE7097F159AC}.Debug|Any CPU.Build.0 = Debug|Any CPU
		{49CFEC4D-7781-459D-A5F8-FE7097F159AC}.Release|Any CPU.ActiveCfg = Release|Any CPU
		{49CFEC4D-7781-459D-A5F8-FE7097F159AC}.Release|Any CPU.Build.0 = Release|Any CPU
		{09F0A2CD-4A6D-4CA0-8413-AE16A393A367}.Debug|Any CPU.ActiveCfg = Debug|Any CPU
		{09F0A2CD-4A6D-4CA0-8413-AE16A393A367}.Debug|Any CPU.Build.0 = Debug|Any CPU
		{09F0A2CD-4A6D-4CA0-8413-AE16A393A367}.Release|Any CPU.ActiveCfg = Release|Any CPU
		{09F0A2CD-4A6D-4CA0-8413-AE16A393A367}.Release|Any CPU.Build.0 = Release|Any CPU
		{D33B9DF0-A984-44A3-8CFC-B29B67CF080A}.Debug|Any CPU.ActiveCfg = Debug|Any CPU
		{D33B9DF0-A984-44A3-8CFC-B29B67CF080A}.Debug|Any CPU.Build.0 = Debug|Any CPU
		{D33B9DF0-A984-44A3-8CFC-B29B67CF080A}.Release|Any CPU.ActiveCfg = Release|Any CPU
		{D33B9DF0-A984-44A3-8CFC-B29B67CF080A}.Release|Any CPU.Build.0 = Release|Any CPU
	EndGlobalSection
	GlobalSection(SolutionProperties) = preSolution
		HideSolutionNode = FALSE
	EndGlobalSection
	GlobalSection(ExtensibilityGlobals) = postSolution
		SolutionGuid = {44A4D325-38F4-47C8-BD7C-64001735F711}
	EndGlobalSection
EndGlobal
